# Generated by jrs. Commit this file.
# It records the exact dependency graph, so the same manifest
# resolves to the same jars on every machine.

version = 2
manifest-checksum = "sha256:a8826e4f866931b7908d5327a4aaad77bf81699387900e43d133aca69e2b6243"
roots = ["org.jetbrains.kotlinx:kotlinx-coroutines-core", "org.jetbrains.kotlin:kotlin-stdlib"]
test-roots = ["org.junit.jupiter:junit-jupiter", "org.jetbrains.kotlin:kotlin-test-junit5"]

[[package]]
group = "org.apiguardian"
artifact = "apiguardian-api"
version = "1.1.2"
classpath = "test"
packaging = "jar"
depth = 3
direct = false
checksum = "sha1:a231e0d844d2721b0fa1b238006d15c6ded6842a"

[[package]]
group = "org.jetbrains"
artifact = "annotations"
version = "13.0"
classpath = "compile"
packaging = "jar"
depth = 2
direct = false
checksum = "sha1:919f0dfe192fb4e063e7dacadee7f8bb9a2672a9"

[[package]]
group = "org.jetbrains.kotlin"
artifact = "kotlin-stdlib"
version = "2.4.20"
classpath = "compile"
packaging = "jar"
depth = 1
direct = true
checksum = "sha1:94c1451890d164aed65d43b3db0b7ecef7c183e7"
dependencies = ["org.jetbrains:annotations"]

[[package]]
group = "org.jetbrains.kotlin"
artifact = "kotlin-test"
version = "2.4.20"
classpath = "test"
packaging = "jar"
depth = 2
direct = false
checksum = "sha1:ccb0e2baa3fa3a572a753019ce0be5889c587803"
dependencies = ["org.jetbrains.kotlin:kotlin-stdlib"]

[[package]]
group = "org.jetbrains.kotlin"
artifact = "kotlin-test-junit5"
version = "2.4.20"
classpath = "test"
packaging = "jar"
depth = 1
direct = true
checksum = "sha1:3aaa3b852e405e06171d17a36d630ea057b39f31"
dependencies = ["org.jetbrains.kotlin:kotlin-test", "org.junit.jupiter:junit-jupiter-api", "org.junit.jupiter:junit-jupiter-engine", "org.junit.platform:junit-platform-launcher"]

[[package]]
group = "org.jetbrains.kotlinx"
artifact = "kotlinx-coroutines-core"
version = "1.10.2"
classpath = "compile"
packaging = "pom"
depth = 1
direct = true
dependencies = ["org.jetbrains.kotlinx:kotlinx-coroutines-core-jvm"]

[[package]]
group = "org.jetbrains.kotlinx"
artifact = "kotlinx-coroutines-core-jvm"
version = "1.10.2"
classpath = "compile"
packaging = "jar"
depth = 2
direct = false
checksum = "sha1:4a9f78ef49483748e2c129f3d124b8fa249dafbf"
dependencies = ["org.jetbrains:annotations", "org.jetbrains.kotlin:kotlin-stdlib"]

[[package]]
group = "org.junit.jupiter"
artifact = "junit-jupiter"
version = "5.13.4"
classpath = "test"
packaging = "jar"
depth = 1
direct = true
checksum = "sha1:93547b3eca48a61f65f735c1898d3ec196e34149"
dependencies = ["org.junit.jupiter:junit-jupiter-api", "org.junit.jupiter:junit-jupiter-engine", "org.junit.jupiter:junit-jupiter-params"]

[[package]]
group = "org.junit.jupiter"
artifact = "junit-jupiter-api"
version = "5.13.4"
classpath = "test"
packaging = "jar"
depth = 2
direct = false
checksum = "sha1:2817f736551fe4949b79924715ef6f594ee072f4"
dependencies = ["org.apiguardian:apiguardian-api", "org.junit.platform:junit-platform-commons", "org.opentest4j:opentest4j"]

[[package]]
group = "org.junit.jupiter"
artifact = "junit-jupiter-engine"
version = "5.13.4"
classpath = "test"
packaging = "jar"
depth = 2
direct = false
checksum = "sha1:d29fc8b6a28d21b8741f299ae4deb3e3aa68b2e8"
dependencies = ["org.apiguardian:apiguardian-api", "org.junit.jupiter:junit-jupiter-api", "org.junit.platform:junit-platform-engine"]

[[package]]
group = "org.junit.jupiter"
artifact = "junit-jupiter-params"
version = "5.13.4"
classpath = "test"
packaging = "jar"
depth = 2
direct = false
checksum = "sha1:0c8930eb7fcfbed0b191703ab53f48475a75bd17"
dependencies = ["org.apiguardian:apiguardian-api", "org.junit.jupiter:junit-jupiter-api"]

[[package]]
group = "org.junit.platform"
artifact = "junit-platform-commons"
version = "1.13.4"
classpath = "test"
packaging = "jar"
depth = 3
direct = false
checksum = "sha1:8f63c7ed05b473d95cc63d1082054d7bfcf9c0e5"
dependencies = ["org.apiguardian:apiguardian-api"]

[[package]]
group = "org.junit.platform"
artifact = "junit-platform-engine"
version = "1.13.4"
classpath = "test"
packaging = "jar"
depth = 3
direct = false
checksum = "sha1:cdd49063ae6e25494d1a9a08f4a9ab5de2b73bcb"
dependencies = ["org.apiguardian:apiguardian-api", "org.junit.platform:junit-platform-commons", "org.opentest4j:opentest4j"]

[[package]]
group = "org.junit.platform"
artifact = "junit-platform-launcher"
version = "1.10.1"
classpath = "test"
packaging = "jar"
depth = 2
direct = false
checksum = "sha1:ce85bf5e38bee0989ded9bd468dd4ff78dc0cfa8"
dependencies = ["org.apiguardian:apiguardian-api", "org.junit.platform:junit-platform-engine"]

[[package]]
group = "org.opentest4j"
artifact = "opentest4j"
version = "1.3.0"
classpath = "test"
packaging = "jar"
depth = 3
direct = false
checksum = "sha1:152ea56b3a72f655d4fd677fc0ef2596c3dd5e6e"

[[tool]]
name = "kotlin-compiler"
roots = ["org.jetbrains.kotlin:kotlin-compiler-embeddable"]

[[tool.package]]
group = "org.jetbrains"
artifact = "annotations"
version = "13.0"
classpath = "compile"
packaging = "jar"
depth = 3
direct = false
checksum = "sha1:919f0dfe192fb4e063e7dacadee7f8bb9a2672a9"

[[tool.package]]
group = "org.jetbrains.kotlin"
artifact = "kotlin-build-tools-api"
version = "2.4.20"
classpath = "compile"
packaging = "jar"
depth = 2
direct = false
checksum = "sha1:846d16ddb9652941ac68fe45dad92524358f0b89"

[[tool.package]]
group = "org.jetbrains.kotlin"
artifact = "kotlin-compiler-embeddable"
version = "2.4.20"
classpath = "compile"
packaging = "jar"
depth = 1
direct = true
checksum = "sha1:23b042894dcabe39edd0f8bd30b7be0f25fe9933"
dependencies = ["org.jetbrains.kotlin:kotlin-build-tools-api", "org.jetbrains.kotlin:kotlin-daemon-embeddable", "org.jetbrains.kotlin:kotlin-reflect", "org.jetbrains.kotlin:kotlin-script-runtime", "org.jetbrains.kotlin:kotlin-stdlib", "org.jetbrains.kotlinx:kotlinx-coroutines-core-jvm"]

[[tool.package]]
group = "org.jetbrains.kotlin"
artifact = "kotlin-daemon-embeddable"
version = "2.4.20"
classpath = "compile"
packaging = "jar"
depth = 2
direct = false
checksum = "sha1:6216c8108a609251b8314bcc0f0ef7eb48e3b67a"

[[tool.package]]
group = "org.jetbrains.kotlin"
artifact = "kotlin-reflect"
version = "1.6.10"
classpath = "compile"
packaging = "jar"
depth = 2
direct = false
checksum = "sha1:1cbe9c92c12a94eea200d23c2bbaedaf3daf5132"

[[tool.package]]
group = "org.jetbrains.kotlin"
artifact = "kotlin-script-runtime"
version = "2.4.20"
classpath = "compile"
packaging = "jar"
depth = 2
direct = false
checksum = "sha1:c5d2fe2964e557067ce970573bbc7ffa74f57cf4"

[[tool.package]]
group = "org.jetbrains.kotlin"
artifact = "kotlin-stdlib"
version = "2.4.20"
classpath = "compile"
packaging = "jar"
depth = 2
direct = false
checksum = "sha1:94c1451890d164aed65d43b3db0b7ecef7c183e7"
dependencies = ["org.jetbrains:annotations"]

[[tool.package]]
group = "org.jetbrains.kotlinx"
artifact = "kotlinx-coroutines-core-jvm"
version = "1.8.0"
classpath = "compile"
packaging = "jar"
depth = 2
direct = false
checksum = "sha1:ac1dc37a30a93150b704022f8d895ee1bd3a36b3"
