# Generated by jrs. Commit this file.
# It records the exact dependency graph, so the same manifest
# resolves to the same jars on every machine.

version = 2
manifest-checksum = "sha256:5281a6362d1f43d87bd4c3e111e07618e9f00f5cd4a9a54adf13179b8da3b5a3"
roots = ["org.scala-lang:scala3-library_3", "org.scala-lang:scala-library"]
test-roots = ["org.scalameta:munit_3"]

[[package]]
group = "junit"
artifact = "junit"
version = "4.13.2"
classpath = "test"
packaging = "jar"
depth = 2
direct = false
checksum = "sha1:8ac9e16d933b6fb43bc7f576336b8f4d7eb5ba12"
dependencies = ["org.hamcrest:hamcrest-core"]

[[package]]
group = "org.hamcrest"
artifact = "hamcrest-core"
version = "1.3"
classpath = "test"
packaging = "jar"
depth = 3
direct = false
checksum = "sha1:42a25dc3219429f0e5d060061f71acb49bf010a0"

[[package]]
group = "org.portable-scala"
artifact = "portable-scala-reflect_2.13"
version = "1.1.3"
classpath = "test"
packaging = "jar"
depth = 2
direct = false
checksum = "sha1:f9295253915f13387e1d4e5b54d531c95e6e2197"
dependencies = ["org.scala-lang:scala-library"]

[[package]]
group = "org.scala-lang"
artifact = "scala-library"
version = "3.9.0"
classpath = "compile"
packaging = "jar"
depth = 1
direct = true
checksum = "sha1:08f3ebf03aa11fa0f422e3430b3401c4f81e688a"

[[package]]
group = "org.scala-lang"
artifact = "scala3-library_3"
version = "3.9.0"
classpath = "compile"
packaging = "jar"
depth = 1
direct = true
checksum = "sha1:ca71b2166bba365481723d935f6058a213a071fe"
dependencies = ["org.scala-lang:scala-library"]

[[package]]
group = "org.scala-sbt"
artifact = "test-interface"
version = "1.0"
classpath = "test"
packaging = "jar"
depth = 3
direct = false
checksum = "sha1:0a3f14d010c4cb32071f863d97291df31603b521"

[[package]]
group = "org.scalameta"
artifact = "junit-interface"
version = "1.3.6"
classpath = "test"
packaging = "jar"
depth = 2
direct = false
checksum = "sha1:a21eaff40db600e6494c15003131c1c0f8d7b2a6"
dependencies = ["junit:junit", "org.scala-sbt:test-interface"]

[[package]]
group = "org.scalameta"
artifact = "munit-diff_3"
version = "1.3.6"
classpath = "test"
packaging = "jar"
depth = 2
direct = false
checksum = "sha1:7d70bee7a13b096a232481bfd1a0cdeeaee317d4"
dependencies = ["org.scala-lang:scala3-library_3"]

[[package]]
group = "org.scalameta"
artifact = "munit_3"
version = "1.3.6"
classpath = "test"
packaging = "jar"
depth = 1
direct = true
checksum = "sha1:80cfc247cfdfcd52b17cfca73ebafbf8e4db9d38"
dependencies = ["junit:junit", "org.portable-scala:portable-scala-reflect_2.13", "org.scala-lang:scala3-library_3", "org.scalameta:junit-interface", "org.scalameta:munit-diff_3"]

[[tool]]
name = "scala-compiler"
roots = ["org.scala-lang:scala3-compiler_3"]

[[tool.package]]
group = "org.scala-lang"
artifact = "scala-library"
version = "3.9.0"
classpath = "compile"
packaging = "jar"
depth = 3
direct = false
checksum = "sha1:08f3ebf03aa11fa0f422e3430b3401c4f81e688a"

[[tool.package]]
group = "org.scala-lang"
artifact = "scala3-compiler_3"
version = "3.9.0"
classpath = "compile"
packaging = "jar"
depth = 1
direct = true
checksum = "sha1:f0c9c4f2ad340ce7408064ad6b0eb7fa9a9b8733"
dependencies = ["org.scala-lang:scala3-interfaces", "org.scala-lang:scala3-library_3", "org.scala-lang:tasty-core_3", "org.scala-lang.modules:scala-asm", "org.scala-sbt:compiler-interface"]

[[tool.package]]
group = "org.scala-lang"
artifact = "scala3-interfaces"
version = "3.9.0"
classpath = "compile"
packaging = "jar"
depth = 2
direct = false
checksum = "sha1:4501e3e4330e189aa300d2ce259859c73935f2ce"

[[tool.package]]
group = "org.scala-lang"
artifact = "scala3-library_3"
version = "3.9.0"
classpath = "compile"
packaging = "jar"
depth = 2
direct = false
checksum = "sha1:ca71b2166bba365481723d935f6058a213a071fe"
dependencies = ["org.scala-lang:scala-library"]

[[tool.package]]
group = "org.scala-lang"
artifact = "tasty-core_3"
version = "3.9.0"
classpath = "compile"
packaging = "jar"
depth = 2
direct = false
checksum = "sha1:b6145a91551de12bc2d742680f572847008d9222"
dependencies = ["org.scala-lang:scala3-library_3"]

[[tool.package]]
group = "org.scala-lang.modules"
artifact = "scala-asm"
version = "9.9.0-scala-1"
classpath = "compile"
packaging = "jar"
depth = 2
direct = false
checksum = "sha1:9de6fe27c09c69521a2603b34c8dcc39c9f3b736"

[[tool.package]]
group = "org.scala-sbt"
artifact = "compiler-interface"
version = "1.12.0"
classpath = "compile"
packaging = "jar"
depth = 2
direct = false
checksum = "sha1:8c684a52535bd2d7cd436a9f5769364a839a5bc3"
dependencies = ["org.scala-sbt:util-interface"]

[[tool.package]]
group = "org.scala-sbt"
artifact = "util-interface"
version = "1.11.5"
classpath = "compile"
packaging = "jar"
depth = 3
direct = false
checksum = "sha1:e691fff26e8814e5773084bec55639b1e7e30fed"
