# Generated by jrs. Commit this file.
# It records the exact dependency graph, so the same manifest
# resolves to the same jars on every machine.

version = 1
manifest-checksum = "sha256:17e5005c401634aafe4073bf779b8249d0190abe5df877ecac1f65a6cc82cc81"
roots = ["com.google.guava:guava", "org.apache.commons:commons-lang3"]
test-roots = ["org.junit.jupiter:junit-jupiter"]

[[package]]
group = "com.google.code.findbugs"
artifact = "jsr305"
version = "3.0.2"
classpath = "compile"
packaging = "jar"
depth = 2
direct = false
checksum = "sha1:25ea2e8b0c338a877313bd4672d3fe056ea78f0d"

[[package]]
group = "com.google.errorprone"
artifact = "error_prone_annotations"
version = "2.28.0"
classpath = "compile"
packaging = "jar"
depth = 2
direct = false
checksum = "sha1:59fc00087ce372de42e394d2c789295dff2d19f0"

[[package]]
group = "com.google.guava"
artifact = "failureaccess"
version = "1.0.2"
classpath = "compile"
packaging = "bundle"
depth = 2
direct = false
checksum = "sha1:c4a06a64e650562f30b7bf9aaec1bfed43aca12b"

[[package]]
group = "com.google.guava"
artifact = "guava"
version = "33.3.1-jre"
classpath = "compile"
packaging = "bundle"
depth = 1
direct = true
checksum = "sha1:852f8b363da0111e819460021ca693cacca3e8db"
dependencies = ["com.google.code.findbugs:jsr305", "com.google.errorprone:error_prone_annotations", "com.google.guava:failureaccess", "com.google.guava:listenablefuture", "com.google.j2objc:j2objc-annotations", "org.checkerframework:checker-qual"]

[[package]]
group = "com.google.guava"
artifact = "listenablefuture"
version = "9999.0-empty-to-avoid-conflict-with-guava"
classpath = "compile"
packaging = "jar"
depth = 2
direct = false
checksum = "sha1:b421526c5f297295adef1c886e5246c39d4ac629"

[[package]]
group = "com.google.j2objc"
artifact = "j2objc-annotations"
version = "3.0.0"
classpath = "compile"
packaging = "jar"
depth = 2
direct = false
checksum = "sha1:7399e65dd7e9ff3404f4535b2f017093bdb134c7"

[[package]]
group = "org.apache.commons"
artifact = "commons-lang3"
version = "3.17.0"
classpath = "compile"
packaging = "jar"
depth = 1
direct = true
checksum = "sha1:b17d2136f0460dcc0d2016ceefca8723bdf4ee70"

[[package]]
group = "org.apiguardian"
artifact = "apiguardian-api"
version = "1.1.2"
classpath = "test"
packaging = "jar"
depth = 3
direct = false
checksum = "sha1:a231e0d844d2721b0fa1b238006d15c6ded6842a"

[[package]]
group = "org.checkerframework"
artifact = "checker-qual"
version = "3.43.0"
classpath = "compile"
packaging = "jar"
depth = 2
direct = false
checksum = "sha1:9425eee39e56b116d2b998b7c2cebcbd11a3c98b"

[[package]]
group = "org.junit.jupiter"
artifact = "junit-jupiter"
version = "5.11.4"
classpath = "test"
packaging = "jar"
depth = 1
direct = true
checksum = "sha1:a699f024a4a4706b36bddbeb42d499aff9e09379"
dependencies = ["org.junit.jupiter:junit-jupiter-api", "org.junit.jupiter:junit-jupiter-engine", "org.junit.jupiter:junit-jupiter-params"]

[[package]]
group = "org.junit.jupiter"
artifact = "junit-jupiter-api"
version = "5.11.4"
classpath = "test"
packaging = "jar"
depth = 2
direct = false
checksum = "sha1:308315b28e667db4091b2ba1f7aa220d1ddadb97"
dependencies = ["org.apiguardian:apiguardian-api", "org.junit.platform:junit-platform-commons", "org.opentest4j:opentest4j"]

[[package]]
group = "org.junit.jupiter"
artifact = "junit-jupiter-engine"
version = "5.11.4"
classpath = "test"
packaging = "jar"
depth = 2
direct = false
checksum = "sha1:dc10ec209623986a68ea07f67cdc7d2a65a60355"
dependencies = ["org.apiguardian:apiguardian-api", "org.junit.jupiter:junit-jupiter-api", "org.junit.platform:junit-platform-engine"]

[[package]]
group = "org.junit.jupiter"
artifact = "junit-jupiter-params"
version = "5.11.4"
classpath = "test"
packaging = "jar"
depth = 2
direct = false
checksum = "sha1:e4c86fbe2a39c60c6b87260ef7f7e7c1a1906481"
dependencies = ["org.apiguardian:apiguardian-api", "org.junit.jupiter:junit-jupiter-api"]

[[package]]
group = "org.junit.platform"
artifact = "junit-platform-commons"
version = "1.11.4"
classpath = "test"
packaging = "jar"
depth = 3
direct = false
checksum = "sha1:8898eea3ed0da2641548d602c3e308804f166303"
dependencies = ["org.apiguardian:apiguardian-api"]

[[package]]
group = "org.junit.platform"
artifact = "junit-platform-engine"
version = "1.11.4"
classpath = "test"
packaging = "jar"
depth = 3
direct = false
checksum = "sha1:21f61b123ad6ac8f7e73971bff3a096c8d8e1cd0"
dependencies = ["org.apiguardian:apiguardian-api", "org.junit.platform:junit-platform-commons", "org.opentest4j:opentest4j"]

[[package]]
group = "org.opentest4j"
artifact = "opentest4j"
version = "1.3.0"
classpath = "test"
packaging = "jar"
depth = 3
direct = false
checksum = "sha1:152ea56b3a72f655d4fd677fc0ef2596c3dd5e6e"
