# Generated by jrs. Commit this file.
# It records the exact dependency graph, so the same manifest
# resolves to the same jars on every machine.

version = 1
manifest-checksum = "sha256:ff889a18488bf4c3391ba1a27d171d87427013c71afa88be880511cc6ce57dd6"
roots = ["org.springframework.boot:spring-boot-starter-webmvc"]
test-roots = ["org.springframework.boot:spring-boot-starter-webmvc-test"]

[[package]]
group = "ch.qos.logback"
artifact = "logback-classic"
version = "1.5.38"
classpath = "compile"
packaging = "jar"
depth = 4
direct = false
managed = true
checksum = "sha1:bc5873cb4a7f502ce18ce2977d98ad26b9f96444"
dependencies = ["ch.qos.logback:logback-core", "org.slf4j:slf4j-api"]

[[package]]
group = "ch.qos.logback"
artifact = "logback-core"
version = "1.5.38"
classpath = "compile"
packaging = "jar"
depth = 5
direct = false
managed = true
checksum = "sha1:7b1d133b29bf42ff268cf3f71d1308b80480fb8d"

[[package]]
group = "com.fasterxml.jackson.core"
artifact = "jackson-annotations"
version = "2.21"
classpath = "compile"
packaging = "jar"
depth = 5
direct = false
managed = true
checksum = "sha1:b1bc1868bf02dc0bd6c7836257a036a331005309"

[[package]]
group = "com.jayway.jsonpath"
artifact = "json-path"
version = "2.10.0"
classpath = "test"
packaging = "jar"
depth = 3
direct = false
managed = true
checksum = "sha1:e1a0b2e6db75401181c9c1c64c6d155ca5c6d608"
dependencies = ["net.minidev:json-smart", "org.slf4j:slf4j-api"]

[[package]]
group = "com.vaadin.external.google"
artifact = "android-json"
version = "0.0.20131108.vaadin1"
classpath = "test"
packaging = "jar"
depth = 4
direct = false
checksum = "sha1:fa26d351fe62a6a17f5cda1287c1c6110dec413f"

[[package]]
group = "commons-logging"
artifact = "commons-logging"
version = "1.3.6"
classpath = "compile"
packaging = "jar"
depth = 4
direct = false
managed = true
checksum = "sha1:63e78ca6cd446c0ad166d14f03ed99e7efb3896d"

[[package]]
group = "io.micrometer"
artifact = "micrometer-commons"
version = "1.17.1"
classpath = "compile"
packaging = "jar"
depth = 5
direct = false
managed = true
checksum = "sha1:b1c3fdea68c5a81495cf1c16cf2905c5ad9f30d2"
dependencies = ["org.jspecify:jspecify"]

[[package]]
group = "io.micrometer"
artifact = "micrometer-observation"
version = "1.17.1"
classpath = "compile"
packaging = "jar"
depth = 4
direct = false
managed = true
checksum = "sha1:24c0b05bc06a9ab6f4e09a48949b6eccc179ca15"
dependencies = ["io.micrometer:micrometer-commons", "org.jspecify:jspecify"]

[[package]]
group = "jakarta.activation"
artifact = "jakarta.activation-api"
version = "2.1.4"
classpath = "test"
packaging = "jar"
depth = 4
direct = false
managed = true
checksum = "sha1:9e5c2a0d75dde71a0bedc4dbdbe47b78a5dc50f8"

[[package]]
group = "jakarta.annotation"
artifact = "jakarta.annotation-api"
version = "3.0.0"
classpath = "compile"
packaging = "jar"
depth = 3
direct = false
managed = true
checksum = "sha1:54f928fadec906a99d558536756d171917b9d936"

[[package]]
group = "jakarta.xml.bind"
artifact = "jakarta.xml.bind-api"
version = "4.0.5"
classpath = "test"
packaging = "jar"
depth = 3
direct = false
managed = true
checksum = "sha1:161811f36cad3c65991502e80317f2f6703361df"
dependencies = ["jakarta.activation:jakarta.activation-api"]

[[package]]
group = "net.bytebuddy"
artifact = "byte-buddy"
version = "1.18.11"
classpath = "test"
packaging = "jar"
depth = 4
direct = false
managed = true
checksum = "sha1:8fcc3779ff85fae5164cd1b977798ca1af388e06"

[[package]]
group = "net.bytebuddy"
artifact = "byte-buddy-agent"
version = "1.18.11"
classpath = "test"
packaging = "jar"
depth = 4
direct = false
managed = true
checksum = "sha1:82212e5b3633e7a65fca8bec525762cfb6c9bae4"

[[package]]
group = "net.minidev"
artifact = "accessors-smart"
version = "2.6.0"
classpath = "test"
packaging = "bundle"
depth = 4
direct = false
checksum = "sha1:2d96f1d9b6ab7f13261aa81b15703574185747a0"
dependencies = ["org.ow2.asm:asm"]

[[package]]
group = "net.minidev"
artifact = "json-smart"
version = "2.6.0"
classpath = "test"
packaging = "bundle"
depth = 3
direct = false
managed = true
checksum = "sha1:5f858a43a325a8673da6869ab2bc787a1bcb2244"
dependencies = ["net.minidev:accessors-smart"]

[[package]]
group = "org.apache.logging.log4j"
artifact = "log4j-api"
version = "2.25.5"
classpath = "compile"
packaging = "jar"
depth = 5
direct = false
managed = true
checksum = "sha1:6c80ea65e41f7858f7e15cb390c98c36167c7b3a"

[[package]]
group = "org.apache.logging.log4j"
artifact = "log4j-to-slf4j"
version = "2.25.5"
classpath = "compile"
packaging = "jar"
depth = 4
direct = false
managed = true
checksum = "sha1:bafb12d62913815e040218e34c80d75ad6db09c1"
dependencies = ["org.apache.logging.log4j:log4j-api", "org.slf4j:slf4j-api"]

[[package]]
group = "org.apache.tomcat.embed"
artifact = "tomcat-embed-core"
version = "11.0.24"
classpath = "compile"
packaging = "jar"
depth = 4
direct = false
managed = true
checksum = "sha1:0172bb449cba1a8ffcffa249727907602a4cc899"

[[package]]
group = "org.apache.tomcat.embed"
artifact = "tomcat-embed-el"
version = "11.0.24"
classpath = "compile"
packaging = "jar"
depth = 4
direct = false
managed = true
checksum = "sha1:3eafa072a45e67081452e56576ab4fe68b525fb5"

[[package]]
group = "org.apache.tomcat.embed"
artifact = "tomcat-embed-websocket"
version = "11.0.24"
classpath = "compile"
packaging = "jar"
depth = 4
direct = false
managed = true
checksum = "sha1:8cd43556888f042c90115d54b124a4648f2b413f"
dependencies = ["org.apache.tomcat.embed:tomcat-embed-core"]

[[package]]
group = "org.apiguardian"
artifact = "apiguardian-api"
version = "1.1.2"
classpath = "test"
packaging = "jar"
depth = 5
direct = false
checksum = "sha1:a231e0d844d2721b0fa1b238006d15c6ded6842a"

[[package]]
group = "org.assertj"
artifact = "assertj-core"
version = "3.27.7"
classpath = "test"
packaging = "jar"
depth = 3
direct = false
managed = true
checksum = "sha1:2f4f64f054c9d618d4b1d89e7611559f5e2cfff7"
dependencies = ["net.bytebuddy:byte-buddy"]

[[package]]
group = "org.awaitility"
artifact = "awaitility"
version = "4.3.0"
classpath = "test"
packaging = "jar"
depth = 3
direct = false
managed = true
checksum = "sha1:f0c0bc1e404e500bab3f498b922eaedeae1c0207"
dependencies = ["org.hamcrest:hamcrest"]

[[package]]
group = "org.hamcrest"
artifact = "hamcrest"
version = "3.0"
classpath = "test"
packaging = "jar"
depth = 3
direct = false
managed = true
checksum = "sha1:8fd9b78a8e6a6510a078a9e30e9e86a6035cfaf7"

[[package]]
group = "org.jspecify"
artifact = "jspecify"
version = "1.0.1"
classpath = "compile"
packaging = "jar"
depth = 4
direct = false
managed = true
checksum = "sha1:3d60fd98eb8ade73004f4195c37b6317e02cf3d7"

[[package]]
group = "org.junit.jupiter"
artifact = "junit-jupiter"
version = "6.0.3"
classpath = "test"
packaging = "jar"
depth = 3
direct = false
managed = true
checksum = "sha1:da72f4bc0feccbca639b901ace26e3a62512ebec"
dependencies = ["org.junit.jupiter:junit-jupiter-api", "org.junit.jupiter:junit-jupiter-engine", "org.junit.jupiter:junit-jupiter-params"]

[[package]]
group = "org.junit.jupiter"
artifact = "junit-jupiter-api"
version = "6.0.3"
classpath = "test"
packaging = "jar"
depth = 4
direct = false
managed = true
checksum = "sha1:2e6cfb62db85350179f0408ed5270f7cdf8cefda"
dependencies = ["org.apiguardian:apiguardian-api", "org.jspecify:jspecify", "org.junit.platform:junit-platform-commons", "org.opentest4j:opentest4j"]

[[package]]
group = "org.junit.jupiter"
artifact = "junit-jupiter-engine"
version = "6.0.3"
classpath = "test"
packaging = "jar"
depth = 4
direct = false
managed = true
checksum = "sha1:e26f7e17d06cfc85ba7643b5ad00c87d5f2084dd"
dependencies = ["org.apiguardian:apiguardian-api", "org.jspecify:jspecify", "org.junit.jupiter:junit-jupiter-api", "org.junit.platform:junit-platform-engine"]

[[package]]
group = "org.junit.jupiter"
artifact = "junit-jupiter-params"
version = "6.0.3"
classpath = "test"
packaging = "jar"
depth = 4
direct = false
managed = true
checksum = "sha1:6cd3efadd171a3ddd70413868a9c3af988a45907"
dependencies = ["org.apiguardian:apiguardian-api", "org.jspecify:jspecify", "org.junit.jupiter:junit-jupiter-api"]

[[package]]
group = "org.junit.platform"
artifact = "junit-platform-commons"
version = "6.0.3"
classpath = "test"
packaging = "jar"
depth = 5
direct = false
managed = true
checksum = "sha1:1093a7faa2ba47c28aa83f378d9a2083463bb20c"
dependencies = ["org.apiguardian:apiguardian-api", "org.jspecify:jspecify"]

[[package]]
group = "org.junit.platform"
artifact = "junit-platform-engine"
version = "6.0.3"
classpath = "test"
packaging = "jar"
depth = 5
direct = false
managed = true
checksum = "sha1:101305612e7daa4ce978d3ba73fd02dd4a5f22d9"
dependencies = ["org.apiguardian:apiguardian-api", "org.jspecify:jspecify", "org.junit.platform:junit-platform-commons", "org.opentest4j:opentest4j"]

[[package]]
group = "org.mockito"
artifact = "mockito-core"
version = "5.23.0"
classpath = "test"
packaging = "jar"
depth = 3
direct = false
managed = true
checksum = "sha1:a5cf3cf244300e4cd05f779827cf50d373a8460e"
dependencies = ["net.bytebuddy:byte-buddy", "net.bytebuddy:byte-buddy-agent", "org.objenesis:objenesis"]

[[package]]
group = "org.mockito"
artifact = "mockito-junit-jupiter"
version = "5.23.0"
classpath = "test"
packaging = "jar"
depth = 3
direct = false
managed = true
checksum = "sha1:e66b5f34ffea58bf4388aba58f66a209daeba4fd"
dependencies = ["org.junit.jupiter:junit-jupiter-api", "org.mockito:mockito-core"]

[[package]]
group = "org.objenesis"
artifact = "objenesis"
version = "3.3"
classpath = "test"
packaging = "jar"
depth = 4
direct = false
checksum = "sha1:1049c09f1de4331e8193e579448d0916d75b7631"

[[package]]
group = "org.opentest4j"
artifact = "opentest4j"
version = "1.3.0"
classpath = "test"
packaging = "jar"
depth = 5
direct = false
checksum = "sha1:152ea56b3a72f655d4fd677fc0ef2596c3dd5e6e"

[[package]]
group = "org.ow2.asm"
artifact = "asm"
version = "9.7.1"
classpath = "test"
packaging = "jar"
depth = 5
direct = false
checksum = "sha1:f0ed132a49244b042cd0e15702ab9f2ce3cc8436"

[[package]]
group = "org.skyscreamer"
artifact = "jsonassert"
version = "1.5.3"
classpath = "test"
packaging = "jar"
depth = 3
direct = false
managed = true
checksum = "sha1:aaa43e0823d2a0e106e8754d6a9c4ab24e05e9bc"
dependencies = ["com.vaadin.external.google:android-json"]

[[package]]
group = "org.slf4j"
artifact = "jul-to-slf4j"
version = "2.0.18"
classpath = "compile"
packaging = "jar"
depth = 4
direct = false
managed = true
checksum = "sha1:79739c98001d5c9d078d087d5a348ec9e474ec8f"
dependencies = ["org.slf4j:slf4j-api"]

[[package]]
group = "org.slf4j"
artifact = "slf4j-api"
version = "2.0.18"
classpath = "compile"
packaging = "jar"
depth = 4
direct = false
managed = true
checksum = "sha1:78a9e7a37cd6360e0b818e86341b24123d28d4df"

[[package]]
group = "org.springframework"
artifact = "spring-aop"
version = "7.0.9"
classpath = "compile"
packaging = "jar"
depth = 4
direct = false
managed = true
checksum = "sha1:35f68fd8cdf30444e18835cec152f2619c4c46c7"
dependencies = ["org.springframework:spring-beans", "org.springframework:spring-core"]

[[package]]
group = "org.springframework"
artifact = "spring-beans"
version = "7.0.9"
classpath = "compile"
packaging = "jar"
depth = 4
direct = false
managed = true
checksum = "sha1:2bee42fa948a5f32761fd0838de3baa1f51c0225"
dependencies = ["org.springframework:spring-core"]

[[package]]
group = "org.springframework"
artifact = "spring-context"
version = "7.0.9"
classpath = "compile"
packaging = "jar"
depth = 4
direct = false
managed = true
checksum = "sha1:7eb8e01ecf1633ddd4d64ca184194f967b6bc0aa"
dependencies = ["io.micrometer:micrometer-observation", "org.springframework:spring-aop", "org.springframework:spring-beans", "org.springframework:spring-core", "org.springframework:spring-expression"]

[[package]]
group = "org.springframework"
artifact = "spring-core"
version = "7.0.9"
classpath = "compile"
packaging = "jar"
depth = 3
direct = false
managed = true
checksum = "sha1:e03c619fc5b26931973277f5ba65ae47967a20e3"
dependencies = ["commons-logging:commons-logging", "org.jspecify:jspecify"]

[[package]]
group = "org.springframework"
artifact = "spring-expression"
version = "7.0.9"
classpath = "compile"
packaging = "jar"
depth = 4
direct = false
managed = true
checksum = "sha1:9452ece85b97fa3e208046cc3a7e985c314b0034"
dependencies = ["org.springframework:spring-core"]

[[package]]
group = "org.springframework"
artifact = "spring-test"
version = "7.0.9"
classpath = "test"
packaging = "jar"
depth = 3
direct = false
managed = true
checksum = "sha1:6c7a684b41d69ad6e46b9bd14ad03a8ff6257adf"
dependencies = ["org.springframework:spring-core"]

[[package]]
group = "org.springframework"
artifact = "spring-web"
version = "7.0.9"
classpath = "compile"
packaging = "jar"
depth = 3
direct = false
managed = true
checksum = "sha1:c42f4ce0cded1526527296726c4ed30335dfaa10"
dependencies = ["io.micrometer:micrometer-observation", "org.springframework:spring-beans", "org.springframework:spring-core"]

[[package]]
group = "org.springframework"
artifact = "spring-webmvc"
version = "7.0.9"
classpath = "compile"
packaging = "jar"
depth = 3
direct = false
managed = true
checksum = "sha1:53b41e6290df1a75fe0e0d16608c80a93bb63bdd"
dependencies = ["org.springframework:spring-aop", "org.springframework:spring-beans", "org.springframework:spring-context", "org.springframework:spring-core", "org.springframework:spring-expression", "org.springframework:spring-web"]

[[package]]
group = "org.springframework.boot"
artifact = "spring-boot"
version = "4.1.1"
classpath = "compile"
packaging = "jar"
depth = 3
direct = false
managed = true
checksum = "sha1:f958dfcba9bc998459cd7862894aa69220645c44"
dependencies = ["org.springframework:spring-context", "org.springframework:spring-core"]

[[package]]
group = "org.springframework.boot"
artifact = "spring-boot-autoconfigure"
version = "4.1.1"
classpath = "compile"
packaging = "jar"
depth = 3
direct = false
managed = true
checksum = "sha1:53c1c604301b4183faa480a5b9f2fd86a2f043c3"
dependencies = ["org.springframework.boot:spring-boot"]

[[package]]
group = "org.springframework.boot"
artifact = "spring-boot-http-converter"
version = "4.1.1"
classpath = "compile"
packaging = "jar"
depth = 2
direct = false
managed = true
checksum = "sha1:886e76307151a64c8710c61e02a2323ab883b87c"
dependencies = ["org.springframework:spring-web", "org.springframework.boot:spring-boot"]

[[package]]
group = "org.springframework.boot"
artifact = "spring-boot-jackson"
version = "4.1.1"
classpath = "compile"
packaging = "jar"
depth = 3
direct = false
managed = true
checksum = "sha1:1defff7e3f9dda050f26e98da3285b4321920dc1"
dependencies = ["org.springframework.boot:spring-boot", "tools.jackson.core:jackson-databind"]

[[package]]
group = "org.springframework.boot"
artifact = "spring-boot-resttestclient"
version = "4.1.1"
classpath = "test"
packaging = "jar"
depth = 2
direct = false
managed = true
checksum = "sha1:082f15f0bebacc85a80afc731f44ccc3fb81648c"
dependencies = ["org.springframework:spring-web", "org.springframework.boot:spring-boot-http-converter", "org.springframework.boot:spring-boot-test"]

[[package]]
group = "org.springframework.boot"
artifact = "spring-boot-servlet"
version = "4.1.1"
classpath = "compile"
packaging = "jar"
depth = 3
direct = false
managed = true
checksum = "sha1:76881b573c8639708ce3d520b428209335f007fc"
dependencies = ["org.springframework:spring-web", "org.springframework.boot:spring-boot"]

[[package]]
group = "org.springframework.boot"
artifact = "spring-boot-starter"
version = "4.1.1"
classpath = "compile"
packaging = "jar"
depth = 2
direct = false
managed = true
checksum = "sha1:50fe6a89fa4fd26e7caaec909ab1c4cc9afde5d4"
dependencies = ["jakarta.annotation:jakarta.annotation-api", "org.springframework.boot:spring-boot-autoconfigure", "org.springframework.boot:spring-boot-starter-logging", "org.yaml:snakeyaml"]

[[package]]
group = "org.springframework.boot"
artifact = "spring-boot-starter-jackson"
version = "4.1.1"
classpath = "compile"
packaging = "jar"
depth = 2
direct = false
managed = true
checksum = "sha1:f8cd6a81994a207a808564515e5104548d1967bb"
dependencies = ["org.springframework.boot:spring-boot-jackson", "org.springframework.boot:spring-boot-starter"]

[[package]]
group = "org.springframework.boot"
artifact = "spring-boot-starter-jackson-test"
version = "4.1.1"
classpath = "test"
packaging = "jar"
depth = 2
direct = false
managed = true
checksum = "sha1:078ce2c2dcdd85bdc092f2a948d7407227a25dd2"
dependencies = ["org.springframework.boot:spring-boot-starter-jackson", "org.springframework.boot:spring-boot-starter-test"]

[[package]]
group = "org.springframework.boot"
artifact = "spring-boot-starter-logging"
version = "4.1.1"
classpath = "compile"
packaging = "jar"
depth = 3
direct = false
managed = true
checksum = "sha1:c6831fe833182419def54db4c41fc34ce71f4fc5"
dependencies = ["ch.qos.logback:logback-classic", "org.apache.logging.log4j:log4j-to-slf4j", "org.slf4j:jul-to-slf4j"]

[[package]]
group = "org.springframework.boot"
artifact = "spring-boot-starter-test"
version = "4.1.1"
classpath = "test"
packaging = "jar"
depth = 2
direct = false
managed = true
checksum = "sha1:cee6e5200fbd742b1b7879636c74f1cf4eaa4009"
dependencies = ["com.jayway.jsonpath:json-path", "jakarta.xml.bind:jakarta.xml.bind-api", "net.minidev:json-smart", "org.assertj:assertj-core", "org.awaitility:awaitility", "org.hamcrest:hamcrest", "org.junit.jupiter:junit-jupiter", "org.mockito:mockito-core", "org.mockito:mockito-junit-jupiter", "org.skyscreamer:jsonassert", "org.springframework:spring-core", "org.springframework:spring-test", "org.springframework.boot:spring-boot-starter", "org.springframework.boot:spring-boot-test", "org.springframework.boot:spring-boot-test-autoconfigure", "org.xmlunit:xmlunit-core"]

[[package]]
group = "org.springframework.boot"
artifact = "spring-boot-starter-tomcat"
version = "4.1.1"
classpath = "compile"
packaging = "jar"
depth = 2
direct = false
managed = true
checksum = "sha1:8a7b2b2fd2ec40ed7e56359fb68c9a8b5fde315c"
dependencies = ["org.springframework.boot:spring-boot-starter", "org.springframework.boot:spring-boot-starter-tomcat-runtime", "org.springframework.boot:spring-boot-tomcat"]

[[package]]
group = "org.springframework.boot"
artifact = "spring-boot-starter-tomcat-runtime"
version = "4.1.1"
classpath = "compile"
packaging = "jar"
depth = 3
direct = false
managed = true
checksum = "sha1:0397ae80a471fa432ef858230c7d52498ee20ecd"
dependencies = ["jakarta.annotation:jakarta.annotation-api", "org.apache.tomcat.embed:tomcat-embed-core", "org.apache.tomcat.embed:tomcat-embed-el", "org.apache.tomcat.embed:tomcat-embed-websocket", "org.springframework.boot:spring-boot-tomcat", "org.springframework.boot:spring-boot-web-server"]

[[package]]
group = "org.springframework.boot"
artifact = "spring-boot-starter-webmvc"
version = "4.1.1"
classpath = "compile"
packaging = "jar"
depth = 1
direct = true
managed = true
checksum = "sha1:7d25a0b22f776c7cc0cc18a88188113400b2b011"
dependencies = ["org.springframework.boot:spring-boot-http-converter", "org.springframework.boot:spring-boot-starter", "org.springframework.boot:spring-boot-starter-jackson", "org.springframework.boot:spring-boot-starter-tomcat", "org.springframework.boot:spring-boot-webmvc"]

[[package]]
group = "org.springframework.boot"
artifact = "spring-boot-starter-webmvc-test"
version = "4.1.1"
classpath = "test"
packaging = "jar"
depth = 1
direct = true
managed = true
checksum = "sha1:52b76c091565aa2a4e1d1fb2a4a7d07f83b1708f"
dependencies = ["org.springframework.boot:spring-boot-resttestclient", "org.springframework.boot:spring-boot-starter-jackson-test", "org.springframework.boot:spring-boot-starter-test", "org.springframework.boot:spring-boot-starter-webmvc", "org.springframework.boot:spring-boot-webmvc-test"]

[[package]]
group = "org.springframework.boot"
artifact = "spring-boot-test"
version = "4.1.1"
classpath = "test"
packaging = "jar"
depth = 3
direct = false
managed = true
checksum = "sha1:6fef3db2967684a0a9079f302fb765bc346cd133"
dependencies = ["org.springframework:spring-test", "org.springframework.boot:spring-boot"]

[[package]]
group = "org.springframework.boot"
artifact = "spring-boot-test-autoconfigure"
version = "4.1.1"
classpath = "test"
packaging = "jar"
depth = 3
direct = false
managed = true
checksum = "sha1:52be383185ba0d720c7c16843f5caeca22261e06"
dependencies = ["org.springframework.boot:spring-boot-test"]

[[package]]
group = "org.springframework.boot"
artifact = "spring-boot-tomcat"
version = "4.1.1"
classpath = "compile"
packaging = "jar"
depth = 3
direct = false
managed = true
checksum = "sha1:61450290ced8f16d8d00308f1aa81423d7660dc2"
dependencies = ["jakarta.annotation:jakarta.annotation-api", "org.apache.tomcat.embed:tomcat-embed-core", "org.springframework.boot:spring-boot-web-server"]

[[package]]
group = "org.springframework.boot"
artifact = "spring-boot-web-server"
version = "4.1.1"
classpath = "compile"
packaging = "jar"
depth = 3
direct = false
managed = true
checksum = "sha1:d1eb8e523013ac3939ae59adc5335a3de704d11b"
dependencies = ["org.springframework:spring-web", "org.springframework.boot:spring-boot"]

[[package]]
group = "org.springframework.boot"
artifact = "spring-boot-webmvc"
version = "4.1.1"
classpath = "compile"
packaging = "jar"
depth = 2
direct = false
managed = true
checksum = "sha1:3057d155bc66412ad906ecdd488e0fd617589151"
dependencies = ["org.springframework:spring-web", "org.springframework:spring-webmvc", "org.springframework.boot:spring-boot-http-converter", "org.springframework.boot:spring-boot-servlet"]

[[package]]
group = "org.springframework.boot"
artifact = "spring-boot-webmvc-test"
version = "4.1.1"
classpath = "test"
packaging = "jar"
depth = 2
direct = false
managed = true
checksum = "sha1:1efa2dd846aa2bba1d25b044eaaafc48233ee582"
dependencies = ["org.springframework.boot:spring-boot-http-converter", "org.springframework.boot:spring-boot-test-autoconfigure", "org.springframework.boot:spring-boot-web-server", "org.springframework.boot:spring-boot-webmvc"]

[[package]]
group = "org.xmlunit"
artifact = "xmlunit-core"
version = "2.11.0"
classpath = "test"
packaging = "jar"
depth = 3
direct = false
managed = true
checksum = "sha1:85521d7f60fb599a4ac1bdec0d19628c3a264156"

[[package]]
group = "org.yaml"
artifact = "snakeyaml"
version = "2.6"
classpath = "compile"
packaging = "bundle"
depth = 3
direct = false
managed = true
checksum = "sha1:2bc14918a2f8d5414749ab12d0c590cd3198b8c1"

[[package]]
group = "tools.jackson.core"
artifact = "jackson-core"
version = "3.1.5"
classpath = "compile"
packaging = "jar"
depth = 5
direct = false
managed = true
checksum = "sha1:ccd7eb3269b8d33bc097b36770f367cdfe2f1150"

[[package]]
group = "tools.jackson.core"
artifact = "jackson-databind"
version = "3.1.5"
classpath = "compile"
packaging = "jar"
depth = 4
direct = false
managed = true
checksum = "sha1:782178f0b1fe088803c03b85eb9a406f60519044"
dependencies = ["com.fasterxml.jackson.core:jackson-annotations", "tools.jackson.core:jackson-core"]
