# Generated by jrs. Commit this file.
# It records the exact dependency graph, so the same manifest
# resolves to the same jars on every machine.

version = 2
manifest-checksum = "sha256:add6be348711cada59c0af3be0ddc448411d117d3847ddb7b95c909ccc92c7de"
roots = []
test-roots = ["org.apache.groovy:groovy", "org.spockframework:spock-core"]

[[package]]
group = "io.leangen.geantyref"
artifact = "geantyref"
version = "1.3.16"
classpath = "test"
packaging = "jar"
depth = 2
direct = false
checksum = "sha1:177fe050a1ecc6f121bd3ffa511f2f5ce9099f00"

[[package]]
group = "org.apache.groovy"
artifact = "groovy"
version = "5.1.2"
classpath = "test"
packaging = "jar"
depth = 1
direct = true
checksum = "sha1:40e9a81ba00fbfbf70d29c15430027832a9456c5"

[[package]]
group = "org.apiguardian"
artifact = "apiguardian-api"
version = "1.1.2"
classpath = "test"
packaging = "jar"
depth = 3
direct = false
checksum = "sha1:a231e0d844d2721b0fa1b238006d15c6ded6842a"

[[package]]
group = "org.hamcrest"
artifact = "hamcrest"
version = "3.0"
classpath = "test"
packaging = "jar"
depth = 2
direct = false
checksum = "sha1:8fd9b78a8e6a6510a078a9e30e9e86a6035cfaf7"

[[package]]
group = "org.junit.platform"
artifact = "junit-platform-commons"
version = "1.14.1"
classpath = "test"
packaging = "jar"
depth = 3
direct = false
checksum = "sha1:3d6d355ba36d7620bfef87b896708a975accc108"
dependencies = ["org.apiguardian:apiguardian-api"]

[[package]]
group = "org.junit.platform"
artifact = "junit-platform-engine"
version = "1.14.1"
classpath = "test"
packaging = "jar"
depth = 2
direct = false
checksum = "sha1:4fd44468a55879fd17ed015476717698f3cf5e85"
dependencies = ["org.apiguardian:apiguardian-api", "org.junit.platform:junit-platform-commons", "org.opentest4j:opentest4j"]

[[package]]
group = "org.opentest4j"
artifact = "opentest4j"
version = "1.3.0"
classpath = "test"
packaging = "jar"
depth = 3
direct = false
checksum = "sha1:152ea56b3a72f655d4fd677fc0ef2596c3dd5e6e"

[[package]]
group = "org.spockframework"
artifact = "spock-core"
version = "2.4-groovy-5.0"
classpath = "test"
packaging = "jar"
depth = 1
direct = true
checksum = "sha1:d6c4b3a7b9475a8f0a0602559a005f9153a388d3"
dependencies = ["io.leangen.geantyref:geantyref", "org.apache.groovy:groovy", "org.hamcrest:hamcrest", "org.junit.platform:junit-platform-engine"]

[[tool]]
name = "groovy-compiler"
roots = ["org.apache.groovy:groovy"]

[[tool.package]]
group = "org.apache.groovy"
artifact = "groovy"
version = "5.1.2"
classpath = "compile"
packaging = "jar"
depth = 1
direct = true
checksum = "sha1:40e9a81ba00fbfbf70d29c15430027832a9456c5"
